
Microsoft Visual Studio Solution File, Format Version 12.00
# Visual Studio Version 16
VisualStudioVersion = 16.0.32413.511
MinimumVisualStudioVersion = 10.0.40219.1
Project("{FAE04EC0-301F-11D3-BF4B-00C04F79EFBC}") = "SinemaOtomasyonForm", "SinemaOtomasyonForm\SinemaOtomasyonForm.csproj", "{ADDDAE16-FCAB-4141-9C97-645A34345865}"
EndProject
Global
	GlobalSection(SolutionConfigurationPlatforms) = preSolution
		Debug|Any CPU = Debug|Any CPU
		Release|Any CPU = Release|Any CPU
	EndGlobalSection
	GlobalSection(ProjectConfigurationPlatforms) = postSolution
		{ADDDAE16-FCAB-4141-9C97-645A34345865}.Debug|Any CPU.ActiveCfg = Debug|Any CPU
		{ADDDAE16-FCAB-4141-9C97-645A34345865}.Debug|Any CPU.Build.0 = Debug|Any CPU
		{ADDDAE16-FCAB-4141-9C97-645A34345865}.Release|Any CPU.ActiveCfg = Release|Any CPU
		{ADDDAE16-FCAB-4141-9C97-645A34345865}.Release|Any CPU.Build.0 = Release|Any CPU
	EndGlobalSection
	GlobalSection(SolutionProperties) = preSolution
		HideSolutionNode = FALSE
	EndGlobalSection
	GlobalSection(ExtensibilityGlobals) = postSolution
		SolutionGuid = {6E03AA53-DC6F-418D-961F-A8CE52D3FBE9}
	EndGlobalSection
EndGlobal
